# This file is automatically @generated by Cargo.
# It is not intended for manual editing.
version = 4

[[package]]
name = "ruagent"
version = "0.1.0"

[[package]]
name = "ruagent-acp"
version = "0.1.0"

[[package]]
name = "ruagent-core"
version = "0.1.0"

[[package]]
name = "ruagent-daemon"
version = "0.1.0"

[[package]]
name = "ruagent-graph"
version = "0.1.0"

[[package]]
name = "ruagent-mcp"
version = "0.1.0"

[[package]]
name = "ruagent-memory"
version = "0.1.0"

[[package]]
name = "ruagent-mock-agent"
version = "0.1.0"

[[package]]
name = "ruagent-orchestrator"
version = "0.1.0"

[[package]]
name = "ruagent-policy"
version = "0.1.0"

[[package]]
name = "ruagent-store"
version = "0.1.0"
